
Microsoft Visual Studio Solution File, Format Version 12.00
# Visual Studio Version 16
VisualStudioVersion = 16.0.28729.10
MinimumVisualStudioVersion = 10.0.40219.1
Project("{2150E333-8FDC-42A3-9474-1A3956D46DE8}") = "Src", "Src", "{178EDEB3-CD23-44D2-B51F-C06E0EB76AC5}"
EndProject
Project("{2150E333-8FDC-42A3-9474-1A3956D46DE8}") = "TestApiA", "TestApiA", "{7AB66C1D-05F3-47AC-96D5-ABA366564DEE}"
EndProject
Project("{2150E333-8FDC-42A3-9474-1A3956D46DE8}") = "TestApiB", "TestApiB", "{F2A4FD6D-8AB2-49B3-B58B-2174C3474765}"
EndProject
Project("{9A19103F-16F7-4668-BE54-9A1E7A4F7556}") = "Test.Api.A", "Test.Api.A\Test.Api.A.csproj", "{6A79CDEE-7140-4F11-9CBA-54AE655D52A4}"
EndProject
Project("{E53339B2-1760-4266-BCC7-CA923CBCF16C}") = "docker-compose", "docker-compose.dcproj", "{7EEB9928-888C-418A-8713-6CBC7F90E32F}"
EndProject
Project("{9A19103F-16F7-4668-BE54-9A1E7A4F7556}") = "Test.Api.B", "Test.Api.B\Test.Api.B.csproj", "{217D48C3-BD9A-4BD1-A688-EFD68624059B}"
EndProject
Project("{9A19103F-16F7-4668-BE54-9A1E7A4F7556}") = "Test.Api.ACore", "Test.Api.ACore\Test.Api.ACore.csproj", "{1E46AB82-95B8-4166-AEB0-A49B72086190}"
EndProject
Project("{9A19103F-16F7-4668-BE54-9A1E7A4F7556}") = "Test.Api.BCore", "Test.Api.BCore\Test.Api.BCore.csproj", "{140ED084-6379-4DDF-AFCB-A9607B954733}"
EndProject
Project("{2150E333-8FDC-42A3-9474-1A3956D46DE8}") = "TestApiC", "TestApiC", "{70CCC38A-7A59-48D6-88FD-C13E236DF710}"
EndProject
Project("{9A19103F-16F7-4668-BE54-9A1E7A4F7556}") = "Test.Api.C", "Test.Api.C\Test.Api.C.csproj", "{95575004-4397-42D2-9138-889A447F03D0}"
EndProject
Project("{9A19103F-16F7-4668-BE54-9A1E7A4F7556}") = "Test.Api.CCore", "Test.Api.CCore\Test.Api.CCore.csproj", "{CC5EAEFA-4833-46CD-B150-BE8D92A49FC1}"
EndProject
Project("{2150E333-8FDC-42A3-9474-1A3956D46DE8}") = "Common", "Common", "{02D3DF1A-9E6B-4393-850E-87E5A2451038}"
EndProject
Project("{9A19103F-16F7-4668-BE54-9A1E7A4F7556}") = "Test.Common", "Test.Common\Test.Common.csproj", "{83EE71F0-1EA6-48B1-BCE1-0580F2F9ED4B}"
EndProject
Project("{2150E333-8FDC-42A3-9474-1A3956D46DE8}") = "TestApiD", "TestApiD", "{28784CDA-2E2C-47E3-A285-DEADE10819BA}"
EndProject
Project("{9A19103F-16F7-4668-BE54-9A1E7A4F7556}") = "Test.Api.D", "..\Test.Api.D\Test.Api.D.csproj", "{8888B954-5F26-4DF6-8475-39D367D76019}"
EndProject
Project("{2150E333-8FDC-42A3-9474-1A3956D46DE8}") = "TestApiE", "TestApiE", "{5CB54C9F-BE38-4C7B-9AA5-E2E9F0099BD3}"
EndProject
Project("{FAE04EC0-301F-11D3-BF4B-00C04F79EFBC}") = "TestApi.E", "..\TestApi.E\TestApi.E.csproj", "{8AFF7ACF-A038-479A-9227-0E886CB6F24B}"
EndProject
Global
	GlobalSection(SolutionConfigurationPlatforms) = preSolution
		Debug|Any CPU = Debug|Any CPU
		Release|Any CPU = Release|Any CPU
	EndGlobalSection
	GlobalSection(ProjectConfigurationPlatforms) = postSolution
		{6A79CDEE-7140-4F11-9CBA-54AE655D52A4}.Debug|Any CPU.ActiveCfg = Debug|Any CPU
		{6A79CDEE-7140-4F11-9CBA-54AE655D52A4}.Debug|Any CPU.Build.0 = Debug|Any CPU
		{6A79CDEE-7140-4F11-9CBA-54AE655D52A4}.Release|Any CPU.ActiveCfg = Release|Any CPU
		{6A79CDEE-7140-4F11-9CBA-54AE655D52A4}.Release|Any CPU.Build.0 = Release|Any CPU
		{7EEB9928-888C-418A-8713-6CBC7F90E32F}.Debug|Any CPU.ActiveCfg = Debug|Any CPU
		{7EEB9928-888C-418A-8713-6CBC7F90E32F}.Debug|Any CPU.Build.0 = Debug|Any CPU
		{7EEB9928-888C-418A-8713-6CBC7F90E32F}.Release|Any CPU.ActiveCfg = Release|Any CPU
		{7EEB9928-888C-418A-8713-6CBC7F90E32F}.Release|Any CPU.Build.0 = Release|Any CPU
		{217D48C3-BD9A-4BD1-A688-EFD68624059B}.Debug|Any CPU.ActiveCfg = Debug|Any CPU
		{217D48C3-BD9A-4BD1-A688-EFD68624059B}.Debug|Any CPU.Build.0 = Debug|Any CPU
		{217D48C3-BD9A-4BD1-A688-EFD68624059B}.Release|Any CPU.ActiveCfg = Release|Any CPU
		{217D48C3-BD9A-4BD1-A688-EFD68624059B}.Release|Any CPU.Build.0 = Release|Any CPU
		{1E46AB82-95B8-4166-AEB0-A49B72086190}.Debug|Any CPU.ActiveCfg = Debug|Any CPU
		{1E46AB82-95B8-4166-AEB0-A49B72086190}.Debug|Any CPU.Build.0 = Debug|Any CPU
		{1E46AB82-95B8-4166-AEB0-A49B72086190}.Release|Any CPU.ActiveCfg = Release|Any CPU
		{1E46AB82-95B8-4166-AEB0-A49B72086190}.Release|Any CPU.Build.0 = Release|Any CPU
		{140ED084-6379-4DDF-AFCB-A9607B954733}.Debug|Any CPU.ActiveCfg = Debug|Any CPU
		{140ED084-6379-4DDF-AFCB-A9607B954733}.Debug|Any CPU.Build.0 = Debug|Any CPU
		{140ED084-6379-4DDF-AFCB-A9607B954733}.Release|Any CPU.ActiveCfg = Release|Any CPU
		{140ED084-6379-4DDF-AFCB-A9607B954733}.Release|Any CPU.Build.0 = Release|Any CPU
		{95575004-4397-42D2-9138-889A447F03D0}.Debug|Any CPU.ActiveCfg = Debug|Any CPU
		{95575004-4397-42D2-9138-889A447F03D0}.Debug|Any CPU.Build.0 = Debug|Any CPU
		{95575004-4397-42D2-9138-889A447F03D0}.Release|Any CPU.ActiveCfg = Release|Any CPU
		{95575004-4397-42D2-9138-889A447F03D0}.Release|Any CPU.Build.0 = Release|Any CPU
		{CC5EAEFA-4833-46CD-B150-BE8D92A49FC1}.Debug|Any CPU.ActiveCfg = Debug|Any CPU
		{CC5EAEFA-4833-46CD-B150-BE8D92A49FC1}.Debug|Any CPU.Build.0 = Debug|Any CPU
		{CC5EAEFA-4833-46CD-B150-BE8D92A49FC1}.Release|Any CPU.ActiveCfg = Release|Any CPU
		{CC5EAEFA-4833-46CD-B150-BE8D92A49FC1}.Release|Any CPU.Build.0 = Release|Any CPU
		{83EE71F0-1EA6-48B1-BCE1-0580F2F9ED4B}.Debug|Any CPU.ActiveCfg = Debug|Any CPU
		{83EE71F0-1EA6-48B1-BCE1-0580F2F9ED4B}.Debug|Any CPU.Build.0 = Debug|Any CPU
		{83EE71F0-1EA6-48B1-BCE1-0580F2F9ED4B}.Release|Any CPU.ActiveCfg = Release|Any CPU
		{83EE71F0-1EA6-48B1-BCE1-0580F2F9ED4B}.Release|Any CPU.Build.0 = Release|Any CPU
		{8888B954-5F26-4DF6-8475-39D367D76019}.Debug|Any CPU.ActiveCfg = Debug|Any CPU
		{8888B954-5F26-4DF6-8475-39D367D76019}.Debug|Any CPU.Build.0 = Debug|Any CPU
		{8888B954-5F26-4DF6-8475-39D367D76019}.Release|Any CPU.ActiveCfg = Release|Any CPU
		{8888B954-5F26-4DF6-8475-39D367D76019}.Release|Any CPU.Build.0 = Release|Any CPU
		{8AFF7ACF-A038-479A-9227-0E886CB6F24B}.Debug|Any CPU.ActiveCfg = Debug|Any CPU
		{8AFF7ACF-A038-479A-9227-0E886CB6F24B}.Debug|Any CPU.Build.0 = Debug|Any CPU
		{8AFF7ACF-A038-479A-9227-0E886CB6F24B}.Release|Any CPU.ActiveCfg = Release|Any CPU
		{8AFF7ACF-A038-479A-9227-0E886CB6F24B}.Release|Any CPU.Build.0 = Release|Any CPU
	EndGlobalSection
	GlobalSection(SolutionProperties) = preSolution
		HideSolutionNode = FALSE
	EndGlobalSection
	GlobalSection(NestedProjects) = preSolution
		{7AB66C1D-05F3-47AC-96D5-ABA366564DEE} = {178EDEB3-CD23-44D2-B51F-C06E0EB76AC5}
		{F2A4FD6D-8AB2-49B3-B58B-2174C3474765} = {178EDEB3-CD23-44D2-B51F-C06E0EB76AC5}
		{6A79CDEE-7140-4F11-9CBA-54AE655D52A4} = {7AB66C1D-05F3-47AC-96D5-ABA366564DEE}
		{217D48C3-BD9A-4BD1-A688-EFD68624059B} = {F2A4FD6D-8AB2-49B3-B58B-2174C3474765}
		{1E46AB82-95B8-4166-AEB0-A49B72086190} = {7AB66C1D-05F3-47AC-96D5-ABA366564DEE}
		{140ED084-6379-4DDF-AFCB-A9607B954733} = {F2A4FD6D-8AB2-49B3-B58B-2174C3474765}
		{70CCC38A-7A59-48D6-88FD-C13E236DF710} = {178EDEB3-CD23-44D2-B51F-C06E0EB76AC5}
		{95575004-4397-42D2-9138-889A447F03D0} = {70CCC38A-7A59-48D6-88FD-C13E236DF710}
		{CC5EAEFA-4833-46CD-B150-BE8D92A49FC1} = {70CCC38A-7A59-48D6-88FD-C13E236DF710}
		{02D3DF1A-9E6B-4393-850E-87E5A2451038} = {178EDEB3-CD23-44D2-B51F-C06E0EB76AC5}
		{83EE71F0-1EA6-48B1-BCE1-0580F2F9ED4B} = {02D3DF1A-9E6B-4393-850E-87E5A2451038}
		{28784CDA-2E2C-47E3-A285-DEADE10819BA} = {178EDEB3-CD23-44D2-B51F-C06E0EB76AC5}
		{8888B954-5F26-4DF6-8475-39D367D76019} = {28784CDA-2E2C-47E3-A285-DEADE10819BA}
		{5CB54C9F-BE38-4C7B-9AA5-E2E9F0099BD3} = {178EDEB3-CD23-44D2-B51F-C06E0EB76AC5}
		{8AFF7ACF-A038-479A-9227-0E886CB6F24B} = {5CB54C9F-BE38-4C7B-9AA5-E2E9F0099BD3}
	EndGlobalSection
	GlobalSection(ExtensibilityGlobals) = postSolution
		SolutionGuid = {8BAA2080-CFA9-409C-93C8-9BC0E82F2AFB}
	EndGlobalSection
EndGlobal
